# THIS IS AN AUTOGENERATED FILE. DO NOT EDIT THIS FILE DIRECTLY.
# yarn lockfile v1


"@google/generative-ai@^0.24.1":
  version "0.24.1"
  resolved "https://registry.yarnpkg.com/@google/generative-ai/-/generative-ai-0.24.1.tgz#634a3c06f8ea7a6125c1b0d6c1e66bb11afb52c9"
  integrity sha512-MqO+MLfM6kjxcKoy0p1wRzG3b4ZZXtPI+z2IE26UogS2Cm/XHO+7gGRBh6gcJsOiIVoH93UwKvW4HdgiOZCy9Q==

express-rate-limit@^8.3.1:
  version "8.3.1"
  resolved "https://registry.yarnpkg.com/express-rate-limit/-/express-rate-limit-8.3.1.tgz#0aaba098eadd40f6737f30a98e6b16fa1a29edfb"
  integrity sha512-D1dKN+cmyPWuvB+G2SREQDzPY1agpBIcTa9sJxOPMCNeH3gwzhqJRDWCXW3gg0y//+LQ/8j52JbMROWyrKdMdw==
  dependencies:
    ip-address "10.1.0"

ip-address@10.1.0:
  version "10.1.0"
  resolved "https://registry.yarnpkg.com/ip-address/-/ip-address-10.1.0.tgz#d8dcffb34d0e02eb241427444a6e23f5b0595aa4"
  integrity sha512-XXADHxXmvT9+CRxhXg56LJovE+bmWnEWB78LB83VZTprKTmaC5QfruXocxzTZ2Kl0DNwKuBdlIhjL8LeY8Sf8Q==
